<?xml version="1.0" encoding="UTF-8" standalone="yes" ?>
<CodeBlocks_project_file>
	<FileVersion major="1" minor="6" />
	<Project>
		<Option title="VillamVallis" />
		<Option pch_mode="2" />
		<Option compiler="gcc" />
		<Build>
			<Target title="Debug">
				<Option output="bin/Debug/VillamVallis" prefix_auto="1" extension_auto="1" />
				<Option object_output="obj/Debug/" />
				<Option type="1" />
				<Option compiler="gcc" />
				<Compiler>
					<Add option="-g" />
				</Compiler>
			</Target>
			<Target title="Release">
				<Option output="bin/Release/VillamVallis" prefix_auto="1" extension_auto="1" />
				<Option object_output="obj/Release/" />
				<Option type="0" />
				<Option compiler="gcc" />
				<Compiler>
					<Add option="-O2" />
				</Compiler>
				<Linker>
					<Add option="-s" />
				</Linker>
			</Target>
		</Build>
		<Compiler>
			<Add option="-Wall" />
			<Add directory="C:/Program Files/CodeBlocks/MinGW/include" />
		</Compiler>
		<Linker>
			<Add library="mingw32" />
			<Add library="SDL2main" />
			<Add library="SDL2" />
			<Add library="SDL2_gfx" />
			<Add library="SDL2_image" />
			<Add library="SDL2_mixer" />
			<Add library="SDL2_ttf" />
			<Add library="user32" />
			<Add library="gdi32" />
			<Add library="winmm" />
			<Add library="dxguid" />
			<Add directory="C:/Program Files/CodeBlocks/MinGW/lib" />
		</Linker>
		<Unit filename="Cfiles/Ablak.c">
			<Option compilerVar="CC" />
		</Unit>
		<Unit filename="Cfiles/Ablak.h" />
		<Unit filename="Cfiles/Animation.c">
			<Option compilerVar="CC" />
		</Unit>
		<Unit filename="Cfiles/Animation.h" />
		<Unit filename="Cfiles/AssetDraw.c">
			<Option compilerVar="CC" />
		</Unit>
		<Unit filename="Cfiles/AssetDraw.h" />
		<Unit filename="Cfiles/Collisions.c">
			<Option compilerVar="CC" />
		</Unit>
		<Unit filename="Cfiles/Collisions.h" />
		<Unit filename="Cfiles/DinTomb.c">
			<Option compilerVar="CC" />
		</Unit>
		<Unit filename="Cfiles/DinTomb.h" />
		<Unit filename="Cfiles/GameCycle.c">
			<Option compilerVar="CC" />
		</Unit>
		<Unit filename="Cfiles/GameCycle.h" />
		<Unit filename="Cfiles/InputGame.c">
			<Option compilerVar="CC" />
		</Unit>
		<Unit filename="Cfiles/InputGame.h" />
		<Unit filename="Cfiles/KertErtekad.c">
			<Option compilerVar="CC" />
		</Unit>
		<Unit filename="Cfiles/KertErtekad.h" />
		<Unit filename="Cfiles/ManagementGame.c">
			<Option compilerVar="CC" />
		</Unit>
		<Unit filename="Cfiles/ManagementGame.h" />
		<Unit filename="Cfiles/SceneGame.c">
			<Option compilerVar="CC" />
		</Unit>
		<Unit filename="Cfiles/SceneGame.h" />
		<Unit filename="Cfiles/SceneMenu.c">
			<Option compilerVar="CC" />
		</Unit>
		<Unit filename="Cfiles/SceneMenu.h" />
		<Unit filename="Cfiles/SzovegKiir.c">
			<Option compilerVar="CC" />
		</Unit>
		<Unit filename="Cfiles/SzovegKiir.h" />
		<Unit filename="Cfiles/debugmalloc.h" />
		<Unit filename="Cfiles/main.c">
			<Option compilerVar="CC" />
		</Unit>
		<Extensions>
			<lib_finder disable_auto="1" />
		</Extensions>
	</Project>
</CodeBlocks_project_file>
